
Microsoft Visual Studio Solution File, Format Version 12.00
# Visual Studio Version 17
VisualStudioVersion = 17.6.33801.468
MinimumVisualStudioVersion = 10.0.40219.1
Project("{FAE04EC0-301F-11D3-BF4B-00C04F79EFBC}") = "pis1", "pis1.csproj", "{92F103B1-1DEB-4CFE-A219-6825E41B0AA1}"
EndProject
Global
	GlobalSection(SolutionConfigurationPlatforms) = preSolution
		Debug|Any CPU = Debug|Any CPU
		Release|Any CPU = Release|Any CPU
	EndGlobalSection
	GlobalSection(ProjectConfigurationPlatforms) = postSolution
		{92F103B1-1DEB-4CFE-A219-6825E41B0AA1}.Debug|Any CPU.ActiveCfg = Debug|Any CPU
		{92F103B1-1DEB-4CFE-A219-6825E41B0AA1}.Debug|Any CPU.Build.0 = Debug|Any CPU
		{92F103B1-1DEB-4CFE-A219-6825E41B0AA1}.Release|Any CPU.ActiveCfg = Release|Any CPU
		{92F103B1-1DEB-4CFE-A219-6825E41B0AA1}.Release|Any CPU.Build.0 = Release|Any CPU
	EndGlobalSection
	GlobalSection(SolutionProperties) = preSolution
		HideSolutionNode = FALSE
	EndGlobalSection
	GlobalSection(ExtensibilityGlobals) = postSolution
		SolutionGuid = {8F371288-780D-4342-90D1-D09F625A6F50}
	EndGlobalSection
EndGlobal
